// !$*UTF8*$!
{
	archiveVersion = 1;
	classes = {
	};
	objectVersion = 50;
	objects = {

/* Begin PBXBuildFile section */
		80911D7A2633D8FD008DDDB0 /* AppDelegate.swift in Sources */ = {isa = PBXBuildFile; fileRef = 80911D792633D8FD008DDDB0 /* AppDelegate.swift */; };
		80911D7C2633D8FD008DDDB0 /* SceneDelegate.swift in Sources */ = {isa = PBXBuildFile; fileRef = 80911D7B2633D8FD008DDDB0 /* SceneDelegate.swift */; };
		80911D7E2633D8FD008DDDB0 /* TimerViewController.swift in Sources */ = {isa = PBXBuildFile; fileRef = 80911D7D2633D8FD008DDDB0 /* TimerViewController.swift */; };
		80911D812633D8FD008DDDB0 /* Main.storyboard in Resources */ = {isa = PBXBuildFile; fileRef = 80911D7F2633D8FD008DDDB0 /* Main.storyboard */; };
		80911D832633D90C008DDDB0 /* Assets.xcassets in Resources */ = {isa = PBXBuildFile; fileRef = 80911D822633D90C008DDDB0 /* Assets.xcassets */; };
		80911D862633D90C008DDDB0 /* LaunchScreen.storyboard in Resources */ = {isa = PBXBuildFile; fileRef = 80911D842633D90C008DDDB0 /* LaunchScreen.storyboard */; };
		80911D912633D90C008DDDB0 /* TimerAppTests.swift in Sources */ = {isa = PBXBuildFile; fileRef = 80911D902633D90C008DDDB0 /* TimerAppTests.swift */; };
		80911D9C2633D90C008DDDB0 /* TimerAppUITests.swift in Sources */ = {isa = PBXBuildFile; fileRef = 80911D9B2633D90C008DDDB0 /* TimerAppUITests.swift */; };
		80911DAD2633DBB6008DDDB0 /* TimerView.swift in Sources */ = {isa = PBXBuildFile; fileRef = 80911DAC2633DBB6008DDDB0 /* TimerView.swift */; };
		80911DB22633DDC7008DDDB0 /* TimerView.xib in Resources */ = {isa = PBXBuildFile; fileRef = 80911DB12633DDC7008DDDB0 /* TimerView.xib */; };
/* End PBXBuildFile section */

/* Begin PBXContainerItemProxy section */
		80911D8D2633D90C008DDDB0 /* PBXContainerItemProxy */ = {
			isa = PBXContainerItemProxy;
			containerPortal = 80911D6E2633D8FD008DDDB0 /* Project object */;
			proxyType = 1;
			remoteGlobalIDString = 80911D752633D8FD008DDDB0;
			remoteInfo = TimerApp;
		};
		80911D982633D90C008DDDB0 /* PBXContainerItemProxy */ = {
			isa = PBXContainerItemProxy;
			containerPortal = 80911D6E2633D8FD008DDDB0 /* Project object */;
			proxyType = 1;
			remoteGlobalIDString = 80911D752633D8FD008DDDB0;
			remoteInfo = TimerApp;
		};
/* End PBXContainerItemProxy section */

/* Begin PBXFileReference section */
		80911D762633D8FD008DDDB0 /* TimerApp.app */ = {isa = PBXFileReference; explicitFileType = wrapper.application; includeInIndex = 0; path = TimerApp.app; sourceTree = BUILT_PRODUCTS_DIR; };
		80911D792633D8FD008DDDB0 /* AppDelegate.swift */ = {isa = PBXFileReference; lastKnownFileType = sourcecode.swift; path = AppDelegate.swift; sourceTree = "<group>"; };
		80911D7B2633D8FD008DDDB0 /* SceneDelegate.swift */ = {isa = PBXFileReference; lastKnownFileType = sourcecode.swift; path = SceneDelegate.swift; sourceTree = "<group>"; };
		80911D7D2633D8FD008DDDB0 /* TimerViewController.swift */ = {isa = PBXFileReference; lastKnownFileType = sourcecode.swift; path = TimerViewController.swift; sourceTree = "<group>"; };
		80911D802633D8FD008DDDB0 /* Base */ = {isa = PBXFileReference; lastKnownFileType = file.storyboard; name = Base; path = Base.lproj/Main.storyboard; sourceTree = "<group>"; };
		80911D822633D90C008DDDB0 /* Assets.xcassets */ = {isa = PBXFileReference; lastKnownFileType = folder.assetcatalog; path = Assets.xcassets; sourceTree = "<group>"; };
		80911D852633D90C008DDDB0 /* Base */ = {isa = PBXFileReference; lastKnownFileType = file.storyboard; name = Base; path = Base.lproj/LaunchScreen.storyboard; sourceTree = "<group>"; };
		80911D872633D90C008DDDB0 /* Info.plist */ = {isa = PBXFileReference; lastKnownFileType = text.plist.xml; path = Info.plist; sourceTree = "<group>"; };
		80911D8C2633D90C008DDDB0 /* TimerAppTests.xctest */ = {isa = PBXFileReference; explicitFileType = wrapper.cfbundle; includeInIndex = 0; path = TimerAppTests.xctest; sourceTree = BUILT_PRODUCTS_DIR; };
		80911D902633D90C008DDDB0 /* TimerAppTests.swift */ = {isa = PBXFileReference; lastKnownFileType = sourcecode.swift; path = TimerAppTests.swift; sourceTree = "<group>"; };
		80911D922633D90C008DDDB0 /* Info.plist */ = {isa = PBXFileReference; lastKnownFileType = text.plist.xml; path = Info.plist; sourceTree = "<group>"; };
		80911D972633D90C008DDDB0 /* TimerAppUITests.xctest */ = {isa = PBXFileReference; explicitFileType = wrapper.cfbundle; includeInIndex = 0; path = TimerAppUITests.xctest; sourceTree = BUILT_PRODUCTS_DIR; };
		80911D9B2633D90C008DDDB0 /* TimerAppUITests.swift */ = {isa = PBXFileReference; lastKnownFileType = sourcecode.swift; path = TimerAppUITests.swift; sourceTree = "<group>"; };
		80911D9D2633D90C008DDDB0 /* Info.plist */ = {isa = PBXFileReference; lastKnownFileType = text.plist.xml; path = Info.plist; sourceTree = "<group>"; };
		80911DAC2633DBB6008DDDB0 /* TimerView.swift */ = {isa = PBXFileReference; lastKnownFileType = sourcecode.swift; path = TimerView.swift; sourceTree = "<group>"; };
		80911DB12633DDC7008DDDB0 /* TimerView.xib */ = {isa = PBXFileReference; lastKnownFileType = file.xib; path = TimerView.xib; sourceTree = "<group>"; };
/* End PBXFileReference section */

/* Begin PBXFrameworksBuildPhase section */
		80911D732633D8FD008DDDB0 /* Frameworks */ = {
			isa = PBXFrameworksBuildPhase;
			buildActionMask = 2147483647;
			files = (
			);
			runOnlyForDeploymentPostprocessing = 0;
		};
		80911D892633D90C008DDDB0 /* Frameworks */ = {
			isa = PBXFrameworksBuildPhase;
			buildActionMask = 2147483647;
			files = (
			);
			runOnlyForDeploymentPostprocessing = 0;
		};
		80911D942633D90C008DDDB0 /* Frameworks */ = {
			isa = PBXFrameworksBuildPhase;
			buildActionMask = 2147483647;
			files = (
			);
			runOnlyForDeploymentPostprocessing = 0;
		};
/* End PBXFrameworksBuildPhase section */

/* Begin PBXGroup section */
		80911D6D2633D8FD008DDDB0 = {
			isa = PBXGroup;
			children = (
				80911D782633D8FD008DDDB0 /* TimerApp */,
				80911D8F2633D90C008DDDB0 /* TimerAppTests */,
				80911D9A2633D90C008DDDB0 /* TimerAppUITests */,
				80911D772633D8FD008DDDB0 /* Products */,
			);
			sourceTree = "<group>";
		};
		80911D772633D8FD008DDDB0 /* Products */ = {
			isa = PBXGroup;
			children = (
				80911D762633D8FD008DDDB0 /* TimerApp.app */,
				80911D8C2633D90C008DDDB0 /* TimerAppTests.xctest */,
				80911D972633D90C008DDDB0 /* TimerAppUITests.xctest */,
			);
			name = Products;
			sourceTree = "<group>";
		};
		80911D782633D8FD008DDDB0 /* TimerApp */ = {
			isa = PBXGroup;
			children = (
				80911DB92633DE71008DDDB0 /* View */,
				80911DBA2633DEA6008DDDB0 /* Controller */,
				80911D792633D8FD008DDDB0 /* AppDelegate.swift */,
				80911D7B2633D8FD008DDDB0 /* SceneDelegate.swift */,
				80911D7F2633D8FD008DDDB0 /* Main.storyboard */,
				80911D822633D90C008DDDB0 /* Assets.xcassets */,
				80911D842633D90C008DDDB0 /* LaunchScreen.storyboard */,
				80911D872633D90C008DDDB0 /* Info.plist */,
			);
			path = TimerApp;
			sourceTree = "<group>";
		};
		80911D8F2633D90C008DDDB0 /* TimerAppTests */ = {
			isa = PBXGroup;
			children = (
				80911D902633D90C008DDDB0 /* TimerAppTests.swift */,
				80911D922633D90C008DDDB0 /* Info.plist */,
			);
			path = TimerAppTests;
			sourceTree = "<group>";
		};
		80911D9A2633D90C008DDDB0 /* TimerAppUITests */ = {
			isa = PBXGroup;
			children = (
				80911D9B2633D90C008DDDB0 /* TimerAppUITests.swift */,
				80911D9D2633D90C008DDDB0 /* Info.plist */,
			);
			path = TimerAppUITests;
			sourceTree = "<group>";
		};
		80911DB92633DE71008DDDB0 /* View */ = {
			isa = PBXGroup;
			children = (
				80911DAC2633DBB6008DDDB0 /* TimerView.swift */,
				80911DB12633DDC7008DDDB0 /* TimerView.xib */,
			);
			path = View;
			sourceTree = "<group>";
		};
		80911DBA2633DEA6008DDDB0 /* Controller */ = {
			isa = PBXGroup;
			children = (
				80911D7D2633D8FD008DDDB0 /* TimerViewController.swift */,
			);
			path = Controller;
			sourceTree = "<group>";
		};
/* End PBXGroup section */

/* Begin PBXNativeTarget section */
		80911D752633D8FD008DDDB0 /* TimerApp */ = {
			isa = PBXNativeTarget;
			buildConfigurationList = 80911DA02633D90C008DDDB0 /* Build configuration list for PBXNativeTarget "TimerApp" */;
			buildPhases = (
				80911D722633D8FD008DDDB0 /* Sources */,
				80911D732633D8FD008DDDB0 /* Frameworks */,
				80911D742633D8FD008DDDB0 /* Resources */,
			);
			buildRules = (
			);
			dependencies = (
			);
			name = TimerApp;
			productName = TimerApp;
			productReference = 80911D762633D8FD008DDDB0 /* TimerApp.app */;
			productType = "com.apple.product-type.application";
		};
		80911D8B2633D90C008DDDB0 /* TimerAppTests */ = {
			isa = PBXNativeTarget;
			buildConfigurationList = 80911DA32633D90C008DDDB0 /* Build configuration list for PBXNativeTarget "TimerAppTests" */;
			buildPhases = (
				80911D882633D90C008DDDB0 /* Sources */,
				80911D892633D90C008DDDB0 /* Frameworks */,
				80911D8A2633D90C008DDDB0 /* Resources */,
			);
			buildRules = (
			);
			dependencies = (
				80911D8E2633D90C008DDDB0 /* PBXTargetDependency */,
			);
			name = TimerAppTests;
			productName = TimerAppTests;
			productReference = 80911D8C2633D90C008DDDB0 /* TimerAppTests.xctest */;
			productType = "com.apple.product-type.bundle.unit-test";
		};
		80911D962633D90C008DDDB0 /* TimerAppUITests */ = {
			isa = PBXNativeTarget;
			buildConfigurationList = 80911DA62633D90C008DDDB0 /* Build configuration list for PBXNativeTarget "TimerAppUITests" */;
			buildPhases = (
				80911D932633D90C008DDDB0 /* Sources */,
				80911D942633D90C008DDDB0 /* Frameworks */,
				80911D952633D90C008DDDB0 /* Resources */,
			);
			buildRules = (
			);
			dependencies = (
				80911D992633D90C008DDDB0 /* PBXTargetDependency */,
			);
			name = TimerAppUITests;
			productName = TimerAppUITests;
			productReference = 80911D972633D90C008DDDB0 /* TimerAppUITests.xctest */;
			productType = "com.apple.product-type.bundle.ui-testing";
		};
/* End PBXNativeTarget section */

/* Begin PBXProject section */
		80911D6E2633D8FD008DDDB0 /* Project object */ = {
			isa = PBXProject;
			attributes = {
				LastSwiftUpdateCheck = 1240;
				LastUpgradeCheck = 1240;
				TargetAttributes = {
					80911D752633D8FD008DDDB0 = {
						CreatedOnToolsVersion = 12.4;
					};
					80911D8B2633D90C008DDDB0 = {
						CreatedOnToolsVersion = 12.4;
						TestTargetID = 80911D752633D8FD008DDDB0;
					};
					80911D962633D90C008DDDB0 = {
						CreatedOnToolsVersion = 12.4;
						TestTargetID = 80911D752633D8FD008DDDB0;
					};
				};
			};
			buildConfigurationList = 80911D712633D8FD008DDDB0 /* Build configuration list for PBXProject "TimerApp" */;
			compatibilityVersion = "Xcode 9.3";
			developmentRegion = en;
			hasScannedForEncodings = 0;
			knownRegions = (
				en,
				Base,
			);
			mainGroup = 80911D6D2633D8FD008DDDB0;
			productRefGroup = 80911D772633D8FD008DDDB0 /* Products */;
			projectDirPath = "";
			projectRoot = "";
			targets = (
				80911D752633D8FD008DDDB0 /* TimerApp */,
				80911D8B2633D90C008DDDB0 /* TimerAppTests */,
				80911D962633D90C008DDDB0 /* TimerAppUITests */,
			);
		};
/* End PBXProject section */

/* Begin PBXResourcesBuildPhase section */
		80911D742633D8FD008DDDB0 /* Resources */ = {
			isa = PBXResourcesBuildPhase;
			buildActionMask = 2147483647;
			files = (
				80911D862633D90C008DDDB0 /* LaunchScreen.storyboard in Resources */,
				80911D832633D90C008DDDB0 /* Assets.xcassets in Resources */,
				80911DB22633DDC7008DDDB0 /* TimerView.xib in Resources */,
				80911D812633D8FD008DDDB0 /* Main.storyboard in Resources */,
			);
			runOnlyForDeploymentPostprocessing = 0;
		};
		80911D8A2633D90C008DDDB0 /* Resources */ = {
			isa = PBXResourcesBuildPhase;
			buildActionMask = 2147483647;
			files = (
			);
			runOnlyForDeploymentPostprocessing = 0;
		};
		80911D952633D90C008DDDB0 /* Resources */ = {
			isa = PBXResourcesBuildPhase;
			buildActionMask = 2147483647;
			files = (
			);
			runOnlyForDeploymentPostprocessing = 0;
		};
/* End PBXResourcesBuildPhase section */

/* Begin PBXSourcesBuildPhase section */
		80911D722633D8FD008DDDB0 /* Sources */ = {
			isa = PBXSourcesBuildPhase;
			buildActionMask = 2147483647;
			files = (
				80911D7E2633D8FD008DDDB0 /* TimerViewController.swift in Sources */,
				80911D7A2633D8FD008DDDB0 /* AppDelegate.swift in Sources */,
				80911DAD2633DBB6008DDDB0 /* TimerView.swift in Sources */,
				80911D7C2633D8FD008DDDB0 /* SceneDelegate.swift in Sources */,
			);
			runOnlyForDeploymentPostprocessing = 0;
		};
		80911D882633D90C008DDDB0 /* Sources */ = {
			isa = PBXSourcesBuildPhase;
			buildActionMask = 2147483647;
			files = (
				80911D912633D90C008DDDB0 /* TimerAppTests.swift in Sources */,
			);
			runOnlyForDeploymentPostprocessing = 0;
		};
		80911D932633D90C008DDDB0 /* Sources */ = {
			isa = PBXSourcesBuildPhase;
			buildActionMask = 2147483647;
			files = (
				80911D9C2633D90C008DDDB0 /* TimerAppUITests.swift in Sources */,
			);
			runOnlyForDeploymentPostprocessing = 0;
		};
/* End PBXSourcesBuildPhase section */

/* Begin PBXTargetDependency section */
		80911D8E2633D90C008DDDB0 /* PBXTargetDependency */ = {
			isa = PBXTargetDependency;
			target = 80911D752633D8FD008DDDB0 /* TimerApp */;
			targetProxy = 80911D8D2633D90C008DDDB0 /* PBXContainerItemProxy */;
		};
		80911D992633D90C008DDDB0 /* PBXTargetDependency */ = {
			isa = PBXTargetDependency;
			target = 80911D752633D8FD008DDDB0 /* TimerApp */;
			targetProxy = 80911D982633D90C008DDDB0 /* PBXContainerItemProxy */;
		};
/* End PBXTargetDependency section */

/* Begin PBXVariantGroup section */
		80911D7F2633D8FD008DDDB0 /* Main.storyboard */ = {
			isa = PBXVariantGroup;
			children = (
				80911D802633D8FD008DDDB0 /* Base */,
			);
			name = Main.storyboard;
			sourceTree = "<group>";
		};
		80911D842633D90C008DDDB0 /* LaunchScreen.storyboard */ = {
			isa = PBXVariantGroup;
			children = (
				80911D852633D90C008DDDB0 /* Base */,
			);
			name = LaunchScreen.storyboard;
			sourceTree = "<group>";
		};
/* End PBXVariantGroup section */

/* Begin XCBuildConfiguration section */
		80911D9E2633D90C008DDDB0 /* Debug */ = {
			isa = XCBuildConfiguration;
			buildSettings = {
				ALWAYS_SEARCH_USER_PATHS = NO;
				CLANG_ANALYZER_NONNULL = YES;
				CLANG_ANALYZER_NUMBER_OBJECT_CONVERSION = YES_AGGRESSIVE;
				CLANG_CXX_LANGUAGE_STANDARD = "gnu++14";
				CLANG_CXX_LIBRARY = "libc++";
				CLANG_ENABLE_MODULES = YES;
				CLANG_ENABLE_OBJC_ARC = YES;
				CLANG_ENABLE_OBJC_WEAK = YES;
				CLANG_WARN_BLOCK_CAPTURE_AUTORELEASING = YES;
				CLANG_WARN_BOOL_CONVERSION = YES;
				CLANG_WARN_COMMA = YES;
				CLANG_WARN_CONSTANT_CONVERSION = YES;
				CLANG_WARN_DEPRECATED_OBJC_IMPLEMENTATIONS = YES;
				CLANG_WARN_DIRECT_OBJC_ISA_USAGE = YES_ERROR;
				CLANG_WARN_DOCUMENTATION_COMMENTS = YES;
				CLANG_WARN_EMPTY_BODY = YES;
				CLANG_WARN_ENUM_CONVERSION = YES;
				CLANG_WARN_INFINITE_RECURSION = YES;
				CLANG_WARN_INT_CONVERSION = YES;
				CLANG_WARN_NON_LITERAL_NULL_CONVERSION = YES;
				CLANG_WARN_OBJC_IMPLICIT_RETAIN_SELF = YES;
				CLANG_WARN_OBJC_LITERAL_CONVERSION = YES;
				CLANG_WARN_OBJC_ROOT_CLASS = YES_ERROR;
				CLANG_WARN_QUOTED_INCLUDE_IN_FRAMEWORK_HEADER = YES;
				CLANG_WARN_RANGE_LOOP_ANALYSIS = YES;
				CLANG_WARN_STRICT_PROTOTYPES = YES;
				CLANG_WARN_SUSPICIOUS_MOVE = YES;
				CLANG_WARN_UNGUARDED_AVAILABILITY = YES_AGGRESSIVE;
				CLANG_WARN_UNREACHABLE_CODE = YES;
				CLANG_WARN__DUPLICATE_METHOD_MATCH = YES;
				COPY_PHASE_STRIP = NO;
				DEBUG_INFORMATION_FORMAT = dwarf;
				ENABLE_STRICT_OBJC_MSGSEND = YES;
				ENABLE_TESTABILITY = YES;
				GCC_C_LANGUAGE_STANDARD = gnu11;
				GCC_DYNAMIC_NO_PIC = NO;
				GCC_NO_COMMON_BLOCKS = YES;
				GCC_OPTIMIZATION_LEVEL = 0;
				GCC_PREPROCESSOR_DEFINITIONS = (
					"DEBUG=1",
					"$(inherited)",
				);
				GCC_WARN_64_TO_32_BIT_CONVERSION = YES;
				GCC_WARN_ABOUT_RETURN_TYPE = YES_ERROR;
				GCC_WARN_UNDECLARED_SELECTOR = YES;
				GCC_WARN_UNINITIALIZED_AUTOS = YES_AGGRESSIVE;
				GCC_WARN_UNUSED_FUNCTION = YES;
				GCC_WARN_UNUSED_VARIABLE = YES;
				IPHONEOS_DEPLOYMENT_TARGET = 14.4;
				MTL_ENABLE_DEBUG_INFO = INCLUDE_SOURCE;
				MTL_FAST_MATH = YES;
				ONLY_ACTIVE_ARCH = YES;
				SDKROOT = iphoneos;
				SWIFT_ACTIVE_COMPILATION_CONDITIONS = DEBUG;
				SWIFT_OPTIMIZATION_LEVEL = "-Onone";
			};
			name = Debug;
		};
		80911D9F2633D90C008DDDB0 /* Release */ = {
			isa = XCBuildConfiguration;
			buildSettings = {
				ALWAYS_SEARCH_USER_PATHS = NO;
				CLANG_ANALYZER_NONNULL = YES;
				CLANG_ANALYZER_NUMBER_OBJECT_CONVERSION = YES_AGGRESSIVE;
				CLANG_CXX_LANGUAGE_STANDARD = "gnu++14";
				CLANG_CXX_LIBRARY = "libc++";
				CLANG_ENABLE_MODULES = YES;
				CLANG_ENABLE_OBJC_ARC = YES;
				CLANG_ENABLE_OBJC_WEAK = YES;
				CLANG_WARN_BLOCK_CAPTURE_AUTORELEASING = YES;
				CLANG_WARN_BOOL_CONVERSION = YES;
				CLANG_WARN_COMMA = YES;
				CLANG_WARN_CONSTANT_CONVERSION = YES;
				CLANG_WARN_DEPRECATED_OBJC_IMPLEMENTATIONS = YES;
				CLANG_WARN_DIRECT_OBJC_ISA_USAGE = YES_ERROR;
				CLANG_WARN_DOCUMENTATION_COMMENTS = YES;
				CLANG_WARN_EMPTY_BODY = YES;
				CLANG_WARN_ENUM_CONVERSION = YES;
				CLANG_WARN_INFINITE_RECURSION = YES;
				CLANG_WARN_INT_CONVERSION = YES;
				CLANG_WARN_NON_LITERAL_NULL_CONVERSION = YES;
				CLANG_WARN_OBJC_IMPLICIT_RETAIN_SELF = YES;
				CLANG_WARN_OBJC_LITERAL_CONVERSION = YES;
				CLANG_WARN_OBJC_ROOT_CLASS = YES_ERROR;
				CLANG_WARN_QUOTED_INCLUDE_IN_FRAMEWORK_HEADER = YES;
				CLANG_WARN_RANGE_LOOP_ANALYSIS = YES;
				CLANG_WARN_STRICT_PROTOTYPES = YES;
				CLANG_WARN_SUSPICIOUS_MOVE = YES;
				CLANG_WARN_UNGUARDED_AVAILABILITY = YES_AGGRESSIVE;
				CLANG_WARN_UNREACHABLE_CODE = YES;
				CLANG_WARN__DUPLICATE_METHOD_MATCH = YES;
				COPY_PHASE_STRIP = NO;
				DEBUG_INFORMATION_FORMAT = "dwarf-with-dsym";
				ENABLE_NS_ASSERTIONS = NO;
				ENABLE_STRICT_OBJC_MSGSEND = YES;
				GCC_C_LANGUAGE_STANDARD = gnu11;
				GCC_NO_COMMON_BLOCKS = YES;
				GCC_WARN_64_TO_32_BIT_CONVERSION = YES;
				GCC_WARN_ABOUT_RETURN_TYPE = YES_ERROR;
				GCC_WARN_UNDECLARED_SELECTOR = YES;
				GCC_WARN_UNINITIALIZED_AUTOS = YES_AGGRESSIVE;
				GCC_WARN_UNUSED_FUNCTION = YES;
				GCC_WARN_UNUSED_VARIABLE = YES;
				IPHONEOS_DEPLOYMENT_TARGET = 14.4;
				MTL_ENABLE_DEBUG_INFO = NO;
				MTL_FAST_MATH = YES;
				SDKROOT = iphoneos;
				SWIFT_COMPILATION_MODE = wholemodule;
				SWIFT_OPTIMIZATION_LEVEL = "-O";
				VALIDATE_PRODUCT = YES;
			};
			name = Release;
		};
		80911DA12633D90C008DDDB0 /* Debug */ = {
			isa = XCBuildConfiguration;
			buildSettings = {
				ASSETCATALOG_COMPILER_APPICON_NAME = AppIcon;
				ASSETCATALOG_COMPILER_GLOBAL_ACCENT_COLOR_NAME = AccentColor;
				CODE_SIGN_STYLE = Automatic;
				INFOPLIST_FILE = TimerApp/Info.plist;
				LD_RUNPATH_SEARCH_PATHS = (
					"$(inherited)",
					"@executable_path/Frameworks",
				);
				PRODUCT_BUNDLE_IDENTIFIER = com.sample.TimerApp;
				PRODUCT_NAME = "$(TARGET_NAME)";
				SWIFT_VERSION = 5.0;
				TARGETED_DEVICE_FAMILY = "1,2";
			};
			name = Debug;
		};
		80911DA22633D90C008DDDB0 /* Release */ = {
			isa = XCBuildConfiguration;
			buildSettings = {
				ASSETCATALOG_COMPILER_APPICON_NAME = AppIcon;
				ASSETCATALOG_COMPILER_GLOBAL_ACCENT_COLOR_NAME = AccentColor;
				CODE_SIGN_STYLE = Automatic;
				INFOPLIST_FILE = TimerApp/Info.plist;
				LD_RUNPATH_SEARCH_PATHS = (
					"$(inherited)",
					"@executable_path/Frameworks",
				);
				PRODUCT_BUNDLE_IDENTIFIER = com.sample.TimerApp;
				PRODUCT_NAME = "$(TARGET_NAME)";
				SWIFT_VERSION = 5.0;
				TARGETED_DEVICE_FAMILY = "1,2";
			};
			name = Release;
		};
		80911DA42633D90C008DDDB0 /* Debug */ = {
			isa = XCBuildConfiguration;
			buildSettings = {
				ALWAYS_EMBED_SWIFT_STANDARD_LIBRARIES = YES;
				BUNDLE_LOADER = "$(TEST_HOST)";
				CODE_SIGN_STYLE = Automatic;
				INFOPLIST_FILE = TimerAppTests/Info.plist;
				IPHONEOS_DEPLOYMENT_TARGET = 14.4;
				LD_RUNPATH_SEARCH_PATHS = (
					"$(inherited)",
					"@executable_path/Frameworks",
					"@loader_path/Frameworks",
				);
				PRODUCT_BUNDLE_IDENTIFIER = com.sample.TimerAppTests;
				PRODUCT_NAME = "$(TARGET_NAME)";
				SWIFT_VERSION = 5.0;
				TARGETED_DEVICE_FAMILY = "1,2";
				TEST_HOST = "$(BUILT_PRODUCTS_DIR)/TimerApp.app/TimerApp";
			};
			name = Debug;
		};
		80911DA52633D90C008DDDB0 /* Release */ = {
			isa = XCBuildConfiguration;
			buildSettings = {
				ALWAYS_EMBED_SWIFT_STANDARD_LIBRARIES = YES;
				BUNDLE_LOADER = "$(TEST_HOST)";
				CODE_SIGN_STYLE = Automatic;
				INFOPLIST_FILE = TimerAppTests/Info.plist;
				IPHONEOS_DEPLOYMENT_TARGET = 14.4;
				LD_RUNPATH_SEARCH_PATHS = (
					"$(inherited)",
					"@executable_path/Frameworks",
					"@loader_path/Frameworks",
				);
				PRODUCT_BUNDLE_IDENTIFIER = com.sample.TimerAppTests;
				PRODUCT_NAME = "$(TARGET_NAME)";
				SWIFT_VERSION = 5.0;
				TARGETED_DEVICE_FAMILY = "1,2";
				TEST_HOST = "$(BUILT_PRODUCTS_DIR)/TimerApp.app/TimerApp";
			};
			name = Release;
		};
		80911DA72633D90C008DDDB0 /* Debug */ = {
			isa = XCBuildConfiguration;
			buildSettings = {
				ALWAYS_EMBED_SWIFT_STANDARD_LIBRARIES = YES;
				CODE_SIGN_STYLE = Automatic;
				INFOPLIST_FILE = TimerAppUITests/Info.plist;
				LD_RUNPATH_SEARCH_PATHS = (
					"$(inherited)",
					"@executable_path/Frameworks",
					"@loader_path/Frameworks",
				);
				PRODUCT_BUNDLE_IDENTIFIER = com.sample.TimerAppUITests;
				PRODUCT_NAME = "$(TARGET_NAME)";
				SWIFT_VERSION = 5.0;
				TARGETED_DEVICE_FAMILY = "1,2";
				TEST_TARGET_NAME = TimerApp;
			};
			name = Debug;
		};
		80911DA82633D90C008DDDB0 /* Release */ = {
			isa = XCBuildConfiguration;
			buildSettings = {
				ALWAYS_EMBED_SWIFT_STANDARD_LIBRARIES = YES;
				CODE_SIGN_STYLE = Automatic;
				INFOPLIST_FILE = TimerAppUITests/Info.plist;
				LD_RUNPATH_SEARCH_PATHS = (
					"$(inherited)",
					"@executable_path/Frameworks",
					"@loader_path/Frameworks",
				);
				PRODUCT_BUNDLE_IDENTIFIER = com.sample.TimerAppUITests;
				PRODUCT_NAME = "$(TARGET_NAME)";
				SWIFT_VERSION = 5.0;
				TARGETED_DEVICE_FAMILY = "1,2";
				TEST_TARGET_NAME = TimerApp;
			};
			name = Release;
		};
/* End XCBuildConfiguration section */

/* Begin XCConfigurationList section */
		80911D712633D8FD008DDDB0 /* Build configuration list for PBXProject "TimerApp" */ = {
			isa = XCConfigurationList;
			buildConfigurations = (
				80911D9E2633D90C008DDDB0 /* Debug */,
				80911D9F2633D90C008DDDB0 /* Release */,
			);
			defaultConfigurationIsVisible = 0;
			defaultConfigurationName = Release;
		};
		80911DA02633D90C008DDDB0 /* Build configuration list for PBXNativeTarget "TimerApp" */ = {
			isa = XCConfigurationList;
			buildConfigurations = (
				80911DA12633D90C008DDDB0 /* Debug */,
				80911DA22633D90C008DDDB0 /* Release */,
			);
			defaultConfigurationIsVisible = 0;
			defaultConfigurationName = Release;
		};
		80911DA32633D90C008DDDB0 /* Build configuration list for PBXNativeTarget "TimerAppTests" */ = {
			isa = XCConfigurationList;
			buildConfigurations = (
				80911DA42633D90C008DDDB0 /* Debug */,
				80911DA52633D90C008DDDB0 /* Release */,
			);
			defaultConfigurationIsVisible = 0;
			defaultConfigurationName = Release;
		};
		80911DA62633D90C008DDDB0 /* Build configuration list for PBXNativeTarget "TimerAppUITests" */ = {
			isa = XCConfigurationList;
			buildConfigurations = (
				80911DA72633D90C008DDDB0 /* Debug */,
				80911DA82633D90C008DDDB0 /* Release */,
			);
			defaultConfigurationIsVisible = 0;
			defaultConfigurationName = Release;
		};
/* End XCConfigurationList section */
	};
	rootObject = 80911D6E2633D8FD008DDDB0 /* Project object */;
}
