// !$*UTF8*$!
{
	archiveVersion = 1;
	classes = {
	};
	objectVersion = 50;
	objects = {

/* Begin PBXBuildFile section */
		8027F186254E2ADF00EDD573 /* AppDelegate.swift in Sources */ = {isa = PBXBuildFile; fileRef = 8027F185254E2ADF00EDD573 /* AppDelegate.swift */; };
		8027F188254E2ADF00EDD573 /* SceneDelegate.swift in Sources */ = {isa = PBXBuildFile; fileRef = 8027F187254E2ADF00EDD573 /* SceneDelegate.swift */; };
		8027F18A254E2ADF00EDD573 /* ViewController.swift in Sources */ = {isa = PBXBuildFile; fileRef = 8027F189254E2ADF00EDD573 /* ViewController.swift */; };
		8027F18D254E2ADF00EDD573 /* Main.storyboard in Resources */ = {isa = PBXBuildFile; fileRef = 8027F18B254E2ADF00EDD573 /* Main.storyboard */; };
		8027F18F254E2AE200EDD573 /* Assets.xcassets in Resources */ = {isa = PBXBuildFile; fileRef = 8027F18E254E2AE200EDD573 /* Assets.xcassets */; };
		8027F192254E2AE200EDD573 /* LaunchScreen.storyboard in Resources */ = {isa = PBXBuildFile; fileRef = 8027F190254E2AE200EDD573 /* LaunchScreen.storyboard */; };
		8027F19D254E2AE200EDD573 /* CountupExempleTests.swift in Sources */ = {isa = PBXBuildFile; fileRef = 8027F19C254E2AE200EDD573 /* CountupExempleTests.swift */; };
		8027F1A8254E2AE200EDD573 /* CountupExempleUITests.swift in Sources */ = {isa = PBXBuildFile; fileRef = 8027F1A7254E2AE200EDD573 /* CountupExempleUITests.swift */; };
/* End PBXBuildFile section */

/* Begin PBXContainerItemProxy section */
		8027F199254E2AE200EDD573 /* PBXContainerItemProxy */ = {
			isa = PBXContainerItemProxy;
			containerPortal = 8027F17A254E2ADE00EDD573 /* Project object */;
			proxyType = 1;
			remoteGlobalIDString = 8027F181254E2ADF00EDD573;
			remoteInfo = CountupExemple;
		};
		8027F1A4254E2AE200EDD573 /* PBXContainerItemProxy */ = {
			isa = PBXContainerItemProxy;
			containerPortal = 8027F17A254E2ADE00EDD573 /* Project object */;
			proxyType = 1;
			remoteGlobalIDString = 8027F181254E2ADF00EDD573;
			remoteInfo = CountupExemple;
		};
/* End PBXContainerItemProxy section */

/* Begin PBXFileReference section */
		8027F182254E2ADF00EDD573 /* CountupExemple.app */ = {isa = PBXFileReference; explicitFileType = wrapper.application; includeInIndex = 0; path = CountupExemple.app; sourceTree = BUILT_PRODUCTS_DIR; };
		8027F185254E2ADF00EDD573 /* AppDelegate.swift */ = {isa = PBXFileReference; lastKnownFileType = sourcecode.swift; path = AppDelegate.swift; sourceTree = "<group>"; };
		8027F187254E2ADF00EDD573 /* SceneDelegate.swift */ = {isa = PBXFileReference; lastKnownFileType = sourcecode.swift; path = SceneDelegate.swift; sourceTree = "<group>"; };
		8027F189254E2ADF00EDD573 /* ViewController.swift */ = {isa = PBXFileReference; lastKnownFileType = sourcecode.swift; path = ViewController.swift; sourceTree = "<group>"; };
		8027F18C254E2ADF00EDD573 /* Base */ = {isa = PBXFileReference; lastKnownFileType = file.storyboard; name = Base; path = Base.lproj/Main.storyboard; sourceTree = "<group>"; };
		8027F18E254E2AE200EDD573 /* Assets.xcassets */ = {isa = PBXFileReference; lastKnownFileType = folder.assetcatalog; path = Assets.xcassets; sourceTree = "<group>"; };
		8027F191254E2AE200EDD573 /* Base */ = {isa = PBXFileReference; lastKnownFileType = file.storyboard; name = Base; path = Base.lproj/LaunchScreen.storyboard; sourceTree = "<group>"; };
		8027F193254E2AE200EDD573 /* Info.plist */ = {isa = PBXFileReference; lastKnownFileType = text.plist.xml; path = Info.plist; sourceTree = "<group>"; };
		8027F198254E2AE200EDD573 /* CountupExempleTests.xctest */ = {isa = PBXFileReference; explicitFileType = wrapper.cfbundle; includeInIndex = 0; path = CountupExempleTests.xctest; sourceTree = BUILT_PRODUCTS_DIR; };
		8027F19C254E2AE200EDD573 /* CountupExempleTests.swift */ = {isa = PBXFileReference; lastKnownFileType = sourcecode.swift; path = CountupExempleTests.swift; sourceTree = "<group>"; };
		8027F19E254E2AE200EDD573 /* Info.plist */ = {isa = PBXFileReference; lastKnownFileType = text.plist.xml; path = Info.plist; sourceTree = "<group>"; };
		8027F1A3254E2AE200EDD573 /* CountupExempleUITests.xctest */ = {isa = PBXFileReference; explicitFileType = wrapper.cfbundle; includeInIndex = 0; path = CountupExempleUITests.xctest; sourceTree = BUILT_PRODUCTS_DIR; };
		8027F1A7254E2AE200EDD573 /* CountupExempleUITests.swift */ = {isa = PBXFileReference; lastKnownFileType = sourcecode.swift; path = CountupExempleUITests.swift; sourceTree = "<group>"; };
		8027F1A9254E2AE200EDD573 /* Info.plist */ = {isa = PBXFileReference; lastKnownFileType = text.plist.xml; path = Info.plist; sourceTree = "<group>"; };
/* End PBXFileReference section */

/* Begin PBXFrameworksBuildPhase section */
		8027F17F254E2ADF00EDD573 /* Frameworks */ = {
			isa = PBXFrameworksBuildPhase;
			buildActionMask = 2147483647;
			files = (
			);
			runOnlyForDeploymentPostprocessing = 0;
		};
		8027F195254E2AE200EDD573 /* Frameworks */ = {
			isa = PBXFrameworksBuildPhase;
			buildActionMask = 2147483647;
			files = (
			);
			runOnlyForDeploymentPostprocessing = 0;
		};
		8027F1A0254E2AE200EDD573 /* Frameworks */ = {
			isa = PBXFrameworksBuildPhase;
			buildActionMask = 2147483647;
			files = (
			);
			runOnlyForDeploymentPostprocessing = 0;
		};
/* End PBXFrameworksBuildPhase section */

/* Begin PBXGroup section */
		8027F179254E2ADE00EDD573 = {
			isa = PBXGroup;
			children = (
				8027F184254E2ADF00EDD573 /* CountupExemple */,
				8027F19B254E2AE200EDD573 /* CountupExempleTests */,
				8027F1A6254E2AE200EDD573 /* CountupExempleUITests */,
				8027F183254E2ADF00EDD573 /* Products */,
			);
			sourceTree = "<group>";
		};
		8027F183254E2ADF00EDD573 /* Products */ = {
			isa = PBXGroup;
			children = (
				8027F182254E2ADF00EDD573 /* CountupExemple.app */,
				8027F198254E2AE200EDD573 /* CountupExempleTests.xctest */,
				8027F1A3254E2AE200EDD573 /* CountupExempleUITests.xctest */,
			);
			name = Products;
			sourceTree = "<group>";
		};
		8027F184254E2ADF00EDD573 /* CountupExemple */ = {
			isa = PBXGroup;
			children = (
				8027F185254E2ADF00EDD573 /* AppDelegate.swift */,
				8027F187254E2ADF00EDD573 /* SceneDelegate.swift */,
				8027F189254E2ADF00EDD573 /* ViewController.swift */,
				8027F18B254E2ADF00EDD573 /* Main.storyboard */,
				8027F18E254E2AE200EDD573 /* Assets.xcassets */,
				8027F190254E2AE200EDD573 /* LaunchScreen.storyboard */,
				8027F193254E2AE200EDD573 /* Info.plist */,
			);
			path = CountupExemple;
			sourceTree = "<group>";
		};
		8027F19B254E2AE200EDD573 /* CountupExempleTests */ = {
			isa = PBXGroup;
			children = (
				8027F19C254E2AE200EDD573 /* CountupExempleTests.swift */,
				8027F19E254E2AE200EDD573 /* Info.plist */,
			);
			path = CountupExempleTests;
			sourceTree = "<group>";
		};
		8027F1A6254E2AE200EDD573 /* CountupExempleUITests */ = {
			isa = PBXGroup;
			children = (
				8027F1A7254E2AE200EDD573 /* CountupExempleUITests.swift */,
				8027F1A9254E2AE200EDD573 /* Info.plist */,
			);
			path = CountupExempleUITests;
			sourceTree = "<group>";
		};
/* End PBXGroup section */

/* Begin PBXNativeTarget section */
		8027F181254E2ADF00EDD573 /* CountupExemple */ = {
			isa = PBXNativeTarget;
			buildConfigurationList = 8027F1AC254E2AE200EDD573 /* Build configuration list for PBXNativeTarget "CountupExemple" */;
			buildPhases = (
				8027F17E254E2ADF00EDD573 /* Sources */,
				8027F17F254E2ADF00EDD573 /* Frameworks */,
				8027F180254E2ADF00EDD573 /* Resources */,
			);
			buildRules = (
			);
			dependencies = (
			);
			name = CountupExemple;
			productName = CountupExemple;
			productReference = 8027F182254E2ADF00EDD573 /* CountupExemple.app */;
			productType = "com.apple.product-type.application";
		};
		8027F197254E2AE200EDD573 /* CountupExempleTests */ = {
			isa = PBXNativeTarget;
			buildConfigurationList = 8027F1AF254E2AE200EDD573 /* Build configuration list for PBXNativeTarget "CountupExempleTests" */;
			buildPhases = (
				8027F194254E2AE200EDD573 /* Sources */,
				8027F195254E2AE200EDD573 /* Frameworks */,
				8027F196254E2AE200EDD573 /* Resources */,
			);
			buildRules = (
			);
			dependencies = (
				8027F19A254E2AE200EDD573 /* PBXTargetDependency */,
			);
			name = CountupExempleTests;
			productName = CountupExempleTests;
			productReference = 8027F198254E2AE200EDD573 /* CountupExempleTests.xctest */;
			productType = "com.apple.product-type.bundle.unit-test";
		};
		8027F1A2254E2AE200EDD573 /* CountupExempleUITests */ = {
			isa = PBXNativeTarget;
			buildConfigurationList = 8027F1B2254E2AE200EDD573 /* Build configuration list for PBXNativeTarget "CountupExempleUITests" */;
			buildPhases = (
				8027F19F254E2AE200EDD573 /* Sources */,
				8027F1A0254E2AE200EDD573 /* Frameworks */,
				8027F1A1254E2AE200EDD573 /* Resources */,
			);
			buildRules = (
			);
			dependencies = (
				8027F1A5254E2AE200EDD573 /* PBXTargetDependency */,
			);
			name = CountupExempleUITests;
			productName = CountupExempleUITests;
			productReference = 8027F1A3254E2AE200EDD573 /* CountupExempleUITests.xctest */;
			productType = "com.apple.product-type.bundle.ui-testing";
		};
/* End PBXNativeTarget section */

/* Begin PBXProject section */
		8027F17A254E2ADE00EDD573 /* Project object */ = {
			isa = PBXProject;
			attributes = {
				LastSwiftUpdateCheck = 1210;
				LastUpgradeCheck = 1210;
				TargetAttributes = {
					8027F181254E2ADF00EDD573 = {
						CreatedOnToolsVersion = 12.1;
					};
					8027F197254E2AE200EDD573 = {
						CreatedOnToolsVersion = 12.1;
						TestTargetID = 8027F181254E2ADF00EDD573;
					};
					8027F1A2254E2AE200EDD573 = {
						CreatedOnToolsVersion = 12.1;
						TestTargetID = 8027F181254E2ADF00EDD573;
					};
				};
			};
			buildConfigurationList = 8027F17D254E2ADE00EDD573 /* Build configuration list for PBXProject "CountupExemple" */;
			compatibilityVersion = "Xcode 9.3";
			developmentRegion = en;
			hasScannedForEncodings = 0;
			knownRegions = (
				en,
				Base,
			);
			mainGroup = 8027F179254E2ADE00EDD573;
			productRefGroup = 8027F183254E2ADF00EDD573 /* Products */;
			projectDirPath = "";
			projectRoot = "";
			targets = (
				8027F181254E2ADF00EDD573 /* CountupExemple */,
				8027F197254E2AE200EDD573 /* CountupExempleTests */,
				8027F1A2254E2AE200EDD573 /* CountupExempleUITests */,
			);
		};
/* End PBXProject section */

/* Begin PBXResourcesBuildPhase section */
		8027F180254E2ADF00EDD573 /* Resources */ = {
			isa = PBXResourcesBuildPhase;
			buildActionMask = 2147483647;
			files = (
				8027F192254E2AE200EDD573 /* LaunchScreen.storyboard in Resources */,
				8027F18F254E2AE200EDD573 /* Assets.xcassets in Resources */,
				8027F18D254E2ADF00EDD573 /* Main.storyboard in Resources */,
			);
			runOnlyForDeploymentPostprocessing = 0;
		};
		8027F196254E2AE200EDD573 /* Resources */ = {
			isa = PBXResourcesBuildPhase;
			buildActionMask = 2147483647;
			files = (
			);
			runOnlyForDeploymentPostprocessing = 0;
		};
		8027F1A1254E2AE200EDD573 /* Resources */ = {
			isa = PBXResourcesBuildPhase;
			buildActionMask = 2147483647;
			files = (
			);
			runOnlyForDeploymentPostprocessing = 0;
		};
/* End PBXResourcesBuildPhase section */

/* Begin PBXSourcesBuildPhase section */
		8027F17E254E2ADF00EDD573 /* Sources */ = {
			isa = PBXSourcesBuildPhase;
			buildActionMask = 2147483647;
			files = (
				8027F18A254E2ADF00EDD573 /* ViewController.swift in Sources */,
				8027F186254E2ADF00EDD573 /* AppDelegate.swift in Sources */,
				8027F188254E2ADF00EDD573 /* SceneDelegate.swift in Sources */,
			);
			runOnlyForDeploymentPostprocessing = 0;
		};
		8027F194254E2AE200EDD573 /* Sources */ = {
			isa = PBXSourcesBuildPhase;
			buildActionMask = 2147483647;
			files = (
				8027F19D254E2AE200EDD573 /* CountupExempleTests.swift in Sources */,
			);
			runOnlyForDeploymentPostprocessing = 0;
		};
		8027F19F254E2AE200EDD573 /* Sources */ = {
			isa = PBXSourcesBuildPhase;
			buildActionMask = 2147483647;
			files = (
				8027F1A8254E2AE200EDD573 /* CountupExempleUITests.swift in Sources */,
			);
			runOnlyForDeploymentPostprocessing = 0;
		};
/* End PBXSourcesBuildPhase section */

/* Begin PBXTargetDependency section */
		8027F19A254E2AE200EDD573 /* PBXTargetDependency */ = {
			isa = PBXTargetDependency;
			target = 8027F181254E2ADF00EDD573 /* CountupExemple */;
			targetProxy = 8027F199254E2AE200EDD573 /* PBXContainerItemProxy */;
		};
		8027F1A5254E2AE200EDD573 /* PBXTargetDependency */ = {
			isa = PBXTargetDependency;
			target = 8027F181254E2ADF00EDD573 /* CountupExemple */;
			targetProxy = 8027F1A4254E2AE200EDD573 /* PBXContainerItemProxy */;
		};
/* End PBXTargetDependency section */

/* Begin PBXVariantGroup section */
		8027F18B254E2ADF00EDD573 /* Main.storyboard */ = {
			isa = PBXVariantGroup;
			children = (
				8027F18C254E2ADF00EDD573 /* Base */,
			);
			name = Main.storyboard;
			sourceTree = "<group>";
		};
		8027F190254E2AE200EDD573 /* LaunchScreen.storyboard */ = {
			isa = PBXVariantGroup;
			children = (
				8027F191254E2AE200EDD573 /* Base */,
			);
			name = LaunchScreen.storyboard;
			sourceTree = "<group>";
		};
/* End PBXVariantGroup section */

/* Begin XCBuildConfiguration section */
		8027F1AA254E2AE200EDD573 /* Debug */ = {
			isa = XCBuildConfiguration;
			buildSettings = {
				ALWAYS_SEARCH_USER_PATHS = NO;
				CLANG_ANALYZER_NONNULL = YES;
				CLANG_ANALYZER_NUMBER_OBJECT_CONVERSION = YES_AGGRESSIVE;
				CLANG_CXX_LANGUAGE_STANDARD = "gnu++14";
				CLANG_CXX_LIBRARY = "libc++";
				CLANG_ENABLE_MODULES = YES;
				CLANG_ENABLE_OBJC_ARC = YES;
				CLANG_ENABLE_OBJC_WEAK = YES;
				CLANG_WARN_BLOCK_CAPTURE_AUTORELEASING = YES;
				CLANG_WARN_BOOL_CONVERSION = YES;
				CLANG_WARN_COMMA = YES;
				CLANG_WARN_CONSTANT_CONVERSION = YES;
				CLANG_WARN_DEPRECATED_OBJC_IMPLEMENTATIONS = YES;
				CLANG_WARN_DIRECT_OBJC_ISA_USAGE = YES_ERROR;
				CLANG_WARN_DOCUMENTATION_COMMENTS = YES;
				CLANG_WARN_EMPTY_BODY = YES;
				CLANG_WARN_ENUM_CONVERSION = YES;
				CLANG_WARN_INFINITE_RECURSION = YES;
				CLANG_WARN_INT_CONVERSION = YES;
				CLANG_WARN_NON_LITERAL_NULL_CONVERSION = YES;
				CLANG_WARN_OBJC_IMPLICIT_RETAIN_SELF = YES;
				CLANG_WARN_OBJC_LITERAL_CONVERSION = YES;
				CLANG_WARN_OBJC_ROOT_CLASS = YES_ERROR;
				CLANG_WARN_QUOTED_INCLUDE_IN_FRAMEWORK_HEADER = YES;
				CLANG_WARN_RANGE_LOOP_ANALYSIS = YES;
				CLANG_WARN_STRICT_PROTOTYPES = YES;
				CLANG_WARN_SUSPICIOUS_MOVE = YES;
				CLANG_WARN_UNGUARDED_AVAILABILITY = YES_AGGRESSIVE;
				CLANG_WARN_UNREACHABLE_CODE = YES;
				CLANG_WARN__DUPLICATE_METHOD_MATCH = YES;
				COPY_PHASE_STRIP = NO;
				DEBUG_INFORMATION_FORMAT = dwarf;
				ENABLE_STRICT_OBJC_MSGSEND = YES;
				ENABLE_TESTABILITY = YES;
				GCC_C_LANGUAGE_STANDARD = gnu11;
				GCC_DYNAMIC_NO_PIC = NO;
				GCC_NO_COMMON_BLOCKS = YES;
				GCC_OPTIMIZATION_LEVEL = 0;
				GCC_PREPROCESSOR_DEFINITIONS = (
					"DEBUG=1",
					"$(inherited)",
				);
				GCC_WARN_64_TO_32_BIT_CONVERSION = YES;
				GCC_WARN_ABOUT_RETURN_TYPE = YES_ERROR;
				GCC_WARN_UNDECLARED_SELECTOR = YES;
				GCC_WARN_UNINITIALIZED_AUTOS = YES_AGGRESSIVE;
				GCC_WARN_UNUSED_FUNCTION = YES;
				GCC_WARN_UNUSED_VARIABLE = YES;
				IPHONEOS_DEPLOYMENT_TARGET = 14.1;
				MTL_ENABLE_DEBUG_INFO = INCLUDE_SOURCE;
				MTL_FAST_MATH = YES;
				ONLY_ACTIVE_ARCH = YES;
				SDKROOT = iphoneos;
				SWIFT_ACTIVE_COMPILATION_CONDITIONS = DEBUG;
				SWIFT_OPTIMIZATION_LEVEL = "-Onone";
			};
			name = Debug;
		};
		8027F1AB254E2AE200EDD573 /* Release */ = {
			isa = XCBuildConfiguration;
			buildSettings = {
				ALWAYS_SEARCH_USER_PATHS = NO;
				CLANG_ANALYZER_NONNULL = YES;
				CLANG_ANALYZER_NUMBER_OBJECT_CONVERSION = YES_AGGRESSIVE;
				CLANG_CXX_LANGUAGE_STANDARD = "gnu++14";
				CLANG_CXX_LIBRARY = "libc++";
				CLANG_ENABLE_MODULES = YES;
				CLANG_ENABLE_OBJC_ARC = YES;
				CLANG_ENABLE_OBJC_WEAK = YES;
				CLANG_WARN_BLOCK_CAPTURE_AUTORELEASING = YES;
				CLANG_WARN_BOOL_CONVERSION = YES;
				CLANG_WARN_COMMA = YES;
				CLANG_WARN_CONSTANT_CONVERSION = YES;
				CLANG_WARN_DEPRECATED_OBJC_IMPLEMENTATIONS = YES;
				CLANG_WARN_DIRECT_OBJC_ISA_USAGE = YES_ERROR;
				CLANG_WARN_DOCUMENTATION_COMMENTS = YES;
				CLANG_WARN_EMPTY_BODY = YES;
				CLANG_WARN_ENUM_CONVERSION = YES;
				CLANG_WARN_INFINITE_RECURSION = YES;
				CLANG_WARN_INT_CONVERSION = YES;
				CLANG_WARN_NON_LITERAL_NULL_CONVERSION = YES;
				CLANG_WARN_OBJC_IMPLICIT_RETAIN_SELF = YES;
				CLANG_WARN_OBJC_LITERAL_CONVERSION = YES;
				CLANG_WARN_OBJC_ROOT_CLASS = YES_ERROR;
				CLANG_WARN_QUOTED_INCLUDE_IN_FRAMEWORK_HEADER = YES;
				CLANG_WARN_RANGE_LOOP_ANALYSIS = YES;
				CLANG_WARN_STRICT_PROTOTYPES = YES;
				CLANG_WARN_SUSPICIOUS_MOVE = YES;
				CLANG_WARN_UNGUARDED_AVAILABILITY = YES_AGGRESSIVE;
				CLANG_WARN_UNREACHABLE_CODE = YES;
				CLANG_WARN__DUPLICATE_METHOD_MATCH = YES;
				COPY_PHASE_STRIP = NO;
				DEBUG_INFORMATION_FORMAT = "dwarf-with-dsym";
				ENABLE_NS_ASSERTIONS = NO;
				ENABLE_STRICT_OBJC_MSGSEND = YES;
				GCC_C_LANGUAGE_STANDARD = gnu11;
				GCC_NO_COMMON_BLOCKS = YES;
				GCC_WARN_64_TO_32_BIT_CONVERSION = YES;
				GCC_WARN_ABOUT_RETURN_TYPE = YES_ERROR;
				GCC_WARN_UNDECLARED_SELECTOR = YES;
				GCC_WARN_UNINITIALIZED_AUTOS = YES_AGGRESSIVE;
				GCC_WARN_UNUSED_FUNCTION = YES;
				GCC_WARN_UNUSED_VARIABLE = YES;
				IPHONEOS_DEPLOYMENT_TARGET = 14.1;
				MTL_ENABLE_DEBUG_INFO = NO;
				MTL_FAST_MATH = YES;
				SDKROOT = iphoneos;
				SWIFT_COMPILATION_MODE = wholemodule;
				SWIFT_OPTIMIZATION_LEVEL = "-O";
				VALIDATE_PRODUCT = YES;
			};
			name = Release;
		};
		8027F1AD254E2AE200EDD573 /* Debug */ = {
			isa = XCBuildConfiguration;
			buildSettings = {
				ASSETCATALOG_COMPILER_APPICON_NAME = AppIcon;
				ASSETCATALOG_COMPILER_GLOBAL_ACCENT_COLOR_NAME = AccentColor;
				CODE_SIGN_STYLE = Automatic;
				INFOPLIST_FILE = CountupExemple/Info.plist;
				LD_RUNPATH_SEARCH_PATHS = (
					"$(inherited)",
					"@executable_path/Frameworks",
				);
				PRODUCT_BUNDLE_IDENTIFIER = com.sample.CountupExemple;
				PRODUCT_NAME = "$(TARGET_NAME)";
				SWIFT_VERSION = 5.0;
				TARGETED_DEVICE_FAMILY = "1,2";
			};
			name = Debug;
		};
		8027F1AE254E2AE200EDD573 /* Release */ = {
			isa = XCBuildConfiguration;
			buildSettings = {
				ASSETCATALOG_COMPILER_APPICON_NAME = AppIcon;
				ASSETCATALOG_COMPILER_GLOBAL_ACCENT_COLOR_NAME = AccentColor;
				CODE_SIGN_STYLE = Automatic;
				INFOPLIST_FILE = CountupExemple/Info.plist;
				LD_RUNPATH_SEARCH_PATHS = (
					"$(inherited)",
					"@executable_path/Frameworks",
				);
				PRODUCT_BUNDLE_IDENTIFIER = com.sample.CountupExemple;
				PRODUCT_NAME = "$(TARGET_NAME)";
				SWIFT_VERSION = 5.0;
				TARGETED_DEVICE_FAMILY = "1,2";
			};
			name = Release;
		};
		8027F1B0254E2AE200EDD573 /* Debug */ = {
			isa = XCBuildConfiguration;
			buildSettings = {
				ALWAYS_EMBED_SWIFT_STANDARD_LIBRARIES = YES;
				BUNDLE_LOADER = "$(TEST_HOST)";
				CODE_SIGN_STYLE = Automatic;
				INFOPLIST_FILE = CountupExempleTests/Info.plist;
				IPHONEOS_DEPLOYMENT_TARGET = 14.1;
				LD_RUNPATH_SEARCH_PATHS = (
					"$(inherited)",
					"@executable_path/Frameworks",
					"@loader_path/Frameworks",
				);
				PRODUCT_BUNDLE_IDENTIFIER = com.sample.CountupExempleTests;
				PRODUCT_NAME = "$(TARGET_NAME)";
				SWIFT_VERSION = 5.0;
				TARGETED_DEVICE_FAMILY = "1,2";
				TEST_HOST = "$(BUILT_PRODUCTS_DIR)/CountupExemple.app/CountupExemple";
			};
			name = Debug;
		};
		8027F1B1254E2AE200EDD573 /* Release */ = {
			isa = XCBuildConfiguration;
			buildSettings = {
				ALWAYS_EMBED_SWIFT_STANDARD_LIBRARIES = YES;
				BUNDLE_LOADER = "$(TEST_HOST)";
				CODE_SIGN_STYLE = Automatic;
				INFOPLIST_FILE = CountupExempleTests/Info.plist;
				IPHONEOS_DEPLOYMENT_TARGET = 14.1;
				LD_RUNPATH_SEARCH_PATHS = (
					"$(inherited)",
					"@executable_path/Frameworks",
					"@loader_path/Frameworks",
				);
				PRODUCT_BUNDLE_IDENTIFIER = com.sample.CountupExempleTests;
				PRODUCT_NAME = "$(TARGET_NAME)";
				SWIFT_VERSION = 5.0;
				TARGETED_DEVICE_FAMILY = "1,2";
				TEST_HOST = "$(BUILT_PRODUCTS_DIR)/CountupExemple.app/CountupExemple";
			};
			name = Release;
		};
		8027F1B3254E2AE200EDD573 /* Debug */ = {
			isa = XCBuildConfiguration;
			buildSettings = {
				ALWAYS_EMBED_SWIFT_STANDARD_LIBRARIES = YES;
				CODE_SIGN_STYLE = Automatic;
				INFOPLIST_FILE = CountupExempleUITests/Info.plist;
				LD_RUNPATH_SEARCH_PATHS = (
					"$(inherited)",
					"@executable_path/Frameworks",
					"@loader_path/Frameworks",
				);
				PRODUCT_BUNDLE_IDENTIFIER = com.sample.CountupExempleUITests;
				PRODUCT_NAME = "$(TARGET_NAME)";
				SWIFT_VERSION = 5.0;
				TARGETED_DEVICE_FAMILY = "1,2";
				TEST_TARGET_NAME = CountupExemple;
			};
			name = Debug;
		};
		8027F1B4254E2AE200EDD573 /* Release */ = {
			isa = XCBuildConfiguration;
			buildSettings = {
				ALWAYS_EMBED_SWIFT_STANDARD_LIBRARIES = YES;
				CODE_SIGN_STYLE = Automatic;
				INFOPLIST_FILE = CountupExempleUITests/Info.plist;
				LD_RUNPATH_SEARCH_PATHS = (
					"$(inherited)",
					"@executable_path/Frameworks",
					"@loader_path/Frameworks",
				);
				PRODUCT_BUNDLE_IDENTIFIER = com.sample.CountupExempleUITests;
				PRODUCT_NAME = "$(TARGET_NAME)";
				SWIFT_VERSION = 5.0;
				TARGETED_DEVICE_FAMILY = "1,2";
				TEST_TARGET_NAME = CountupExemple;
			};
			name = Release;
		};
/* End XCBuildConfiguration section */

/* Begin XCConfigurationList section */
		8027F17D254E2ADE00EDD573 /* Build configuration list for PBXProject "CountupExemple" */ = {
			isa = XCConfigurationList;
			buildConfigurations = (
				8027F1AA254E2AE200EDD573 /* Debug */,
				8027F1AB254E2AE200EDD573 /* Release */,
			);
			defaultConfigurationIsVisible = 0;
			defaultConfigurationName = Release;
		};
		8027F1AC254E2AE200EDD573 /* Build configuration list for PBXNativeTarget "CountupExemple" */ = {
			isa = XCConfigurationList;
			buildConfigurations = (
				8027F1AD254E2AE200EDD573 /* Debug */,
				8027F1AE254E2AE200EDD573 /* Release */,
			);
			defaultConfigurationIsVisible = 0;
			defaultConfigurationName = Release;
		};
		8027F1AF254E2AE200EDD573 /* Build configuration list for PBXNativeTarget "CountupExempleTests" */ = {
			isa = XCConfigurationList;
			buildConfigurations = (
				8027F1B0254E2AE200EDD573 /* Debug */,
				8027F1B1254E2AE200EDD573 /* Release */,
			);
			defaultConfigurationIsVisible = 0;
			defaultConfigurationName = Release;
		};
		8027F1B2254E2AE200EDD573 /* Build configuration list for PBXNativeTarget "CountupExempleUITests" */ = {
			isa = XCConfigurationList;
			buildConfigurations = (
				8027F1B3254E2AE200EDD573 /* Debug */,
				8027F1B4254E2AE200EDD573 /* Release */,
			);
			defaultConfigurationIsVisible = 0;
			defaultConfigurationName = Release;
		};
/* End XCConfigurationList section */
	};
	rootObject = 8027F17A254E2ADE00EDD573 /* Project object */;
}
